
Microsoft Visual Studio Solution File, Format Version 12.00
# Visual Studio Version 17
VisualStudioVersion = 17.8.34309.116
MinimumVisualStudioVersion = 10.0.40219.1
Project("{FAE04EC0-301F-11D3-BF4B-00C04F79EFBC}") = "AoCDay10", "AoCDay10\AoCDay10.csproj", "{33DD5BB5-89CA-4A46-90F3-537257B3B51A}"
EndProject
Global
	GlobalSection(SolutionConfigurationPlatforms) = preSolution
		Debug|Any CPU = Debug|Any CPU
		Release|Any CPU = Release|Any CPU
	EndGlobalSection
	GlobalSection(ProjectConfigurationPlatforms) = postSolution
		{33DD5BB5-89CA-4A46-90F3-537257B3B51A}.Debug|Any CPU.ActiveCfg = Debug|Any CPU
		{33DD5BB5-89CA-4A46-90F3-537257B3B51A}.Debug|Any CPU.Build.0 = Debug|Any CPU
		{33DD5BB5-89CA-4A46-90F3-537257B3B51A}.Release|Any CPU.ActiveCfg = Release|Any CPU
		{33DD5BB5-89CA-4A46-90F3-537257B3B51A}.Release|Any CPU.Build.0 = Release|Any CPU
	EndGlobalSection
	GlobalSection(SolutionProperties) = preSolution
		HideSolutionNode = FALSE
	EndGlobalSection
	GlobalSection(ExtensibilityGlobals) = postSolution
		SolutionGuid = {B3246547-176B-46B8-B94B-7F4E832E7DD5}
	EndGlobalSection
EndGlobal
